// !$*UTF8*$!
{
	archiveVersion = 1;
	classes = {
	};
	objectVersion = 56;
	objects = {

/* Begin PBXBuildFile section */
		1100A1302B02388F003C0619 /* zen3.m4a in Resources */ = {isa = PBXBuildFile; fileRef = 1100A12F2B02388F003C0619 /* zen3.m4a */; };
		11E7F5292B0166AE005BB671 /* AppDelegate.swift in Sources */ = {isa = PBXBuildFile; fileRef = 11E7F5282B0166AE005BB671 /* AppDelegate.swift */; };
		11E7F52B2B0166AE005BB671 /* GameScene.sks in Resources */ = {isa = PBXBuildFile; fileRef = 11E7F52A2B0166AE005BB671 /* GameScene.sks */; };
		11E7F52D2B0166AE005BB671 /* Actions.sks in Resources */ = {isa = PBXBuildFile; fileRef = 11E7F52C2B0166AE005BB671 /* Actions.sks */; };
		11E7F52F2B0166AE005BB671 /* GameScene.swift in Sources */ = {isa = PBXBuildFile; fileRef = 11E7F52E2B0166AE005BB671 /* GameScene.swift */; };
		11E7F5312B0166AE005BB671 /* GameViewController.swift in Sources */ = {isa = PBXBuildFile; fileRef = 11E7F5302B0166AE005BB671 /* GameViewController.swift */; };
		11E7F5342B0166AE005BB671 /* Main.storyboard in Resources */ = {isa = PBXBuildFile; fileRef = 11E7F5322B0166AE005BB671 /* Main.storyboard */; };
		11E7F5362B0166AF005BB671 /* Assets.xcassets in Resources */ = {isa = PBXBuildFile; fileRef = 11E7F5352B0166AF005BB671 /* Assets.xcassets */; };
		11E7F5392B0166AF005BB671 /* LaunchScreen.storyboard in Resources */ = {isa = PBXBuildFile; fileRef = 11E7F5372B0166AF005BB671 /* LaunchScreen.storyboard */; };
		11E7F5432B0166B0005BB671 /* ZFTests.swift in Sources */ = {isa = PBXBuildFile; fileRef = 11E7F5422B0166B0005BB671 /* ZFTests.swift */; };
		11E7F54D2B0166B0005BB671 /* ZFUITests.swift in Sources */ = {isa = PBXBuildFile; fileRef = 11E7F54C2B0166B0005BB671 /* ZFUITests.swift */; };
		11E7F54F2B0166B0005BB671 /* ZFUITestsLaunchTests.swift in Sources */ = {isa = PBXBuildFile; fileRef = 11E7F54E2B0166B0005BB671 /* ZFUITestsLaunchTests.swift */; };
/* End PBXBuildFile section */

/* Begin PBXContainerItemProxy section */
		11E7F53F2B0166B0005BB671 /* PBXContainerItemProxy */ = {
			isa = PBXContainerItemProxy;
			containerPortal = 11E7F51D2B0166AE005BB671 /* Project object */;
			proxyType = 1;
			remoteGlobalIDString = 11E7F5242B0166AE005BB671;
			remoteInfo = ZF;
		};
		11E7F5492B0166B0005BB671 /* PBXContainerItemProxy */ = {
			isa = PBXContainerItemProxy;
			containerPortal = 11E7F51D2B0166AE005BB671 /* Project object */;
			proxyType = 1;
			remoteGlobalIDString = 11E7F5242B0166AE005BB671;
			remoteInfo = ZF;
		};
/* End PBXContainerItemProxy section */

/* Begin PBXFileReference section */
		1100A12F2B02388F003C0619 /* zen3.m4a */ = {isa = PBXFileReference; lastKnownFileType = file; name = zen3.m4a; path = "../../Zen Fringe/Zen Fringe/zen3.m4a"; sourceTree = "<group>"; };
		11E7F5252B0166AE005BB671 /* ZF.app */ = {isa = PBXFileReference; explicitFileType = wrapper.application; includeInIndex = 0; path = ZF.app; sourceTree = BUILT_PRODUCTS_DIR; };
		11E7F5282B0166AE005BB671 /* AppDelegate.swift */ = {isa = PBXFileReference; lastKnownFileType = sourcecode.swift; path = AppDelegate.swift; sourceTree = "<group>"; };
		11E7F52A2B0166AE005BB671 /* GameScene.sks */ = {isa = PBXFileReference; lastKnownFileType = file.sks; path = GameScene.sks; sourceTree = "<group>"; };
		11E7F52C2B0166AE005BB671 /* Actions.sks */ = {isa = PBXFileReference; lastKnownFileType = file.sks; path = Actions.sks; sourceTree = "<group>"; };
		11E7F52E2B0166AE005BB671 /* GameScene.swift */ = {isa = PBXFileReference; lastKnownFileType = sourcecode.swift; path = GameScene.swift; sourceTree = "<group>"; };
		11E7F5302B0166AE005BB671 /* GameViewController.swift */ = {isa = PBXFileReference; lastKnownFileType = sourcecode.swift; path = GameViewController.swift; sourceTree = "<group>"; };
		11E7F5332B0166AE005BB671 /* Base */ = {isa = PBXFileReference; lastKnownFileType = file.storyboard; name = Base; path = Base.lproj/Main.storyboard; sourceTree = "<group>"; };
		11E7F5352B0166AF005BB671 /* Assets.xcassets */ = {isa = PBXFileReference; lastKnownFileType = folder.assetcatalog; path = Assets.xcassets; sourceTree = "<group>"; };
		11E7F5382B0166AF005BB671 /* Base */ = {isa = PBXFileReference; lastKnownFileType = file.storyboard; name = Base; path = Base.lproj/LaunchScreen.storyboard; sourceTree = "<group>"; };
		11E7F53E2B0166B0005BB671 /* ZFTests.xctest */ = {isa = PBXFileReference; explicitFileType = wrapper.cfbundle; includeInIndex = 0; path = ZFTests.xctest; sourceTree = BUILT_PRODUCTS_DIR; };
		11E7F5422B0166B0005BB671 /* ZFTests.swift */ = {isa = PBXFileReference; lastKnownFileType = sourcecode.swift; path = ZFTests.swift; sourceTree = "<group>"; };
		11E7F5482B0166B0005BB671 /* ZFUITests.xctest */ = {isa = PBXFileReference; explicitFileType = wrapper.cfbundle; includeInIndex = 0; path = ZFUITests.xctest; sourceTree = BUILT_PRODUCTS_DIR; };
		11E7F54C2B0166B0005BB671 /* ZFUITests.swift */ = {isa = PBXFileReference; lastKnownFileType = sourcecode.swift; path = ZFUITests.swift; sourceTree = "<group>"; };
		11E7F54E2B0166B0005BB671 /* ZFUITestsLaunchTests.swift */ = {isa = PBXFileReference; lastKnownFileType = sourcecode.swift; path = ZFUITestsLaunchTests.swift; sourceTree = "<group>"; };
/* End PBXFileReference section */

/* Begin PBXFrameworksBuildPhase section */
		11E7F5222B0166AE005BB671 /* Frameworks */ = {
			isa = PBXFrameworksBuildPhase;
			buildActionMask = 2147483647;
			files = (
			);
			runOnlyForDeploymentPostprocessing = 0;
		};
		11E7F53B2B0166B0005BB671 /* Frameworks */ = {
			isa = PBXFrameworksBuildPhase;
			buildActionMask = 2147483647;
			files = (
			);
			runOnlyForDeploymentPostprocessing = 0;
		};
		11E7F5452B0166B0005BB671 /* Frameworks */ = {
			isa = PBXFrameworksBuildPhase;
			buildActionMask = 2147483647;
			files = (
			);
			runOnlyForDeploymentPostprocessing = 0;
		};
/* End PBXFrameworksBuildPhase section */

/* Begin PBXGroup section */
		11E7F51C2B0166AE005BB671 = {
			isa = PBXGroup;
			children = (
				11E7F5272B0166AE005BB671 /* ZF */,
				11E7F5412B0166B0005BB671 /* ZFTests */,
				11E7F54B2B0166B0005BB671 /* ZFUITests */,
				11E7F5262B0166AE005BB671 /* Products */,
			);
			sourceTree = "<group>";
		};
		11E7F5262B0166AE005BB671 /* Products */ = {
			isa = PBXGroup;
			children = (
				11E7F5252B0166AE005BB671 /* ZF.app */,
				11E7F53E2B0166B0005BB671 /* ZFTests.xctest */,
				11E7F5482B0166B0005BB671 /* ZFUITests.xctest */,
			);
			name = Products;
			sourceTree = "<group>";
		};
		11E7F5272B0166AE005BB671 /* ZF */ = {
			isa = PBXGroup;
			children = (
				1100A12F2B02388F003C0619 /* zen3.m4a */,
				11E7F5282B0166AE005BB671 /* AppDelegate.swift */,
				11E7F52A2B0166AE005BB671 /* GameScene.sks */,
				11E7F52C2B0166AE005BB671 /* Actions.sks */,
				11E7F52E2B0166AE005BB671 /* GameScene.swift */,
				11E7F5302B0166AE005BB671 /* GameViewController.swift */,
				11E7F5322B0166AE005BB671 /* Main.storyboard */,
				11E7F5352B0166AF005BB671 /* Assets.xcassets */,
				11E7F5372B0166AF005BB671 /* LaunchScreen.storyboard */,
			);
			path = ZF;
			sourceTree = "<group>";
		};
		11E7F5412B0166B0005BB671 /* ZFTests */ = {
			isa = PBXGroup;
			children = (
				11E7F5422B0166B0005BB671 /* ZFTests.swift */,
			);
			path = ZFTests;
			sourceTree = "<group>";
		};
		11E7F54B2B0166B0005BB671 /* ZFUITests */ = {
			isa = PBXGroup;
			children = (
				11E7F54C2B0166B0005BB671 /* ZFUITests.swift */,
				11E7F54E2B0166B0005BB671 /* ZFUITestsLaunchTests.swift */,
			);
			path = ZFUITests;
			sourceTree = "<group>";
		};
/* End PBXGroup section */

/* Begin PBXNativeTarget section */
		11E7F5242B0166AE005BB671 /* ZF */ = {
			isa = PBXNativeTarget;
			buildConfigurationList = 11E7F5522B0166B0005BB671 /* Build configuration list for PBXNativeTarget "ZF" */;
			buildPhases = (
				11E7F5212B0166AE005BB671 /* Sources */,
				11E7F5222B0166AE005BB671 /* Frameworks */,
				11E7F5232B0166AE005BB671 /* Resources */,
			);
			buildRules = (
			);
			dependencies = (
			);
			name = ZF;
			productName = ZF;
			productReference = 11E7F5252B0166AE005BB671 /* ZF.app */;
			productType = "com.apple.product-type.application";
		};
		11E7F53D2B0166B0005BB671 /* ZFTests */ = {
			isa = PBXNativeTarget;
			buildConfigurationList = 11E7F5552B0166B0005BB671 /* Build configuration list for PBXNativeTarget "ZFTests" */;
			buildPhases = (
				11E7F53A2B0166B0005BB671 /* Sources */,
				11E7F53B2B0166B0005BB671 /* Frameworks */,
				11E7F53C2B0166B0005BB671 /* Resources */,
			);
			buildRules = (
			);
			dependencies = (
				11E7F5402B0166B0005BB671 /* PBXTargetDependency */,
			);
			name = ZFTests;
			productName = ZFTests;
			productReference = 11E7F53E2B0166B0005BB671 /* ZFTests.xctest */;
			productType = "com.apple.product-type.bundle.unit-test";
		};
		11E7F5472B0166B0005BB671 /* ZFUITests */ = {
			isa = PBXNativeTarget;
			buildConfigurationList = 11E7F5582B0166B0005BB671 /* Build configuration list for PBXNativeTarget "ZFUITests" */;
			buildPhases = (
				11E7F5442B0166B0005BB671 /* Sources */,
				11E7F5452B0166B0005BB671 /* Frameworks */,
				11E7F5462B0166B0005BB671 /* Resources */,
			);
			buildRules = (
			);
			dependencies = (
				11E7F54A2B0166B0005BB671 /* PBXTargetDependency */,
			);
			name = ZFUITests;
			productName = ZFUITests;
			productReference = 11E7F5482B0166B0005BB671 /* ZFUITests.xctest */;
			productType = "com.apple.product-type.bundle.ui-testing";
		};
/* End PBXNativeTarget section */

/* Begin PBXProject section */
		11E7F51D2B0166AE005BB671 /* Project object */ = {
			isa = PBXProject;
			attributes = {
				BuildIndependentTargetsInParallel = 1;
				LastSwiftUpdateCheck = 1500;
				LastUpgradeCheck = 1500;
				TargetAttributes = {
					11E7F5242B0166AE005BB671 = {
						CreatedOnToolsVersion = 15.0;
					};
					11E7F53D2B0166B0005BB671 = {
						CreatedOnToolsVersion = 15.0;
						TestTargetID = 11E7F5242B0166AE005BB671;
					};
					11E7F5472B0166B0005BB671 = {
						CreatedOnToolsVersion = 15.0;
						TestTargetID = 11E7F5242B0166AE005BB671;
					};
				};
			};
			buildConfigurationList = 11E7F5202B0166AE005BB671 /* Build configuration list for PBXProject "ZF" */;
			compatibilityVersion = "Xcode 14.0";
			developmentRegion = en;
			hasScannedForEncodings = 0;
			knownRegions = (
				en,
				Base,
			);
			mainGroup = 11E7F51C2B0166AE005BB671;
			productRefGroup = 11E7F5262B0166AE005BB671 /* Products */;
			projectDirPath = "";
			projectRoot = "";
			targets = (
				11E7F5242B0166AE005BB671 /* ZF */,
				11E7F53D2B0166B0005BB671 /* ZFTests */,
				11E7F5472B0166B0005BB671 /* ZFUITests */,
			);
		};
/* End PBXProject section */

/* Begin PBXResourcesBuildPhase section */
		11E7F5232B0166AE005BB671 /* Resources */ = {
			isa = PBXResourcesBuildPhase;
			buildActionMask = 2147483647;
			files = (
				11E7F5342B0166AE005BB671 /* Main.storyboard in Resources */,
				11E7F52B2B0166AE005BB671 /* GameScene.sks in Resources */,
				11E7F5362B0166AF005BB671 /* Assets.xcassets in Resources */,
				11E7F5392B0166AF005BB671 /* LaunchScreen.storyboard in Resources */,
				1100A1302B02388F003C0619 /* zen3.m4a in Resources */,
				11E7F52D2B0166AE005BB671 /* Actions.sks in Resources */,
			);
			runOnlyForDeploymentPostprocessing = 0;
		};
		11E7F53C2B0166B0005BB671 /* Resources */ = {
			isa = PBXResourcesBuildPhase;
			buildActionMask = 2147483647;
			files = (
			);
			runOnlyForDeploymentPostprocessing = 0;
		};
		11E7F5462B0166B0005BB671 /* Resources */ = {
			isa = PBXResourcesBuildPhase;
			buildActionMask = 2147483647;
			files = (
			);
			runOnlyForDeploymentPostprocessing = 0;
		};
/* End PBXResourcesBuildPhase section */

/* Begin PBXSourcesBuildPhase section */
		11E7F5212B0166AE005BB671 /* Sources */ = {
			isa = PBXSourcesBuildPhase;
			buildActionMask = 2147483647;
			files = (
				11E7F52F2B0166AE005BB671 /* GameScene.swift in Sources */,
				11E7F5312B0166AE005BB671 /* GameViewController.swift in Sources */,
				11E7F5292B0166AE005BB671 /* AppDelegate.swift in Sources */,
			);
			runOnlyForDeploymentPostprocessing = 0;
		};
		11E7F53A2B0166B0005BB671 /* Sources */ = {
			isa = PBXSourcesBuildPhase;
			buildActionMask = 2147483647;
			files = (
				11E7F5432B0166B0005BB671 /* ZFTests.swift in Sources */,
			);
			runOnlyForDeploymentPostprocessing = 0;
		};
		11E7F5442B0166B0005BB671 /* Sources */ = {
			isa = PBXSourcesBuildPhase;
			buildActionMask = 2147483647;
			files = (
				11E7F54F2B0166B0005BB671 /* ZFUITestsLaunchTests.swift in Sources */,
				11E7F54D2B0166B0005BB671 /* ZFUITests.swift in Sources */,
			);
			runOnlyForDeploymentPostprocessing = 0;
		};
/* End PBXSourcesBuildPhase section */

/* Begin PBXTargetDependency section */
		11E7F5402B0166B0005BB671 /* PBXTargetDependency */ = {
			isa = PBXTargetDependency;
			target = 11E7F5242B0166AE005BB671 /* ZF */;
			targetProxy = 11E7F53F2B0166B0005BB671 /* PBXContainerItemProxy */;
		};
		11E7F54A2B0166B0005BB671 /* PBXTargetDependency */ = {
			isa = PBXTargetDependency;
			target = 11E7F5242B0166AE005BB671 /* ZF */;
			targetProxy = 11E7F5492B0166B0005BB671 /* PBXContainerItemProxy */;
		};
/* End PBXTargetDependency section */

/* Begin PBXVariantGroup section */
		11E7F5322B0166AE005BB671 /* Main.storyboard */ = {
			isa = PBXVariantGroup;
			children = (
				11E7F5332B0166AE005BB671 /* Base */,
			);
			name = Main.storyboard;
			sourceTree = "<group>";
		};
		11E7F5372B0166AF005BB671 /* LaunchScreen.storyboard */ = {
			isa = PBXVariantGroup;
			children = (
				11E7F5382B0166AF005BB671 /* Base */,
			);
			name = LaunchScreen.storyboard;
			sourceTree = "<group>";
		};
/* End PBXVariantGroup section */

/* Begin XCBuildConfiguration section */
		11E7F5502B0166B0005BB671 /* Debug */ = {
			isa = XCBuildConfiguration;
			buildSettings = {
				ALWAYS_SEARCH_USER_PATHS = NO;
				ASSETCATALOG_COMPILER_GENERATE_SWIFT_ASSET_SYMBOL_EXTENSIONS = YES;
				CLANG_ANALYZER_NONNULL = YES;
				CLANG_ANALYZER_NUMBER_OBJECT_CONVERSION = YES_AGGRESSIVE;
				CLANG_CXX_LANGUAGE_STANDARD = "gnu++20";
				CLANG_ENABLE_MODULES = YES;
				CLANG_ENABLE_OBJC_ARC = YES;
				CLANG_ENABLE_OBJC_WEAK = YES;
				CLANG_WARN_BLOCK_CAPTURE_AUTORELEASING = YES;
				CLANG_WARN_BOOL_CONVERSION = YES;
				CLANG_WARN_COMMA = YES;
				CLANG_WARN_CONSTANT_CONVERSION = YES;
				CLANG_WARN_DEPRECATED_OBJC_IMPLEMENTATIONS = YES;
				CLANG_WARN_DIRECT_OBJC_ISA_USAGE = YES_ERROR;
				CLANG_WARN_DOCUMENTATION_COMMENTS = YES;
				CLANG_WARN_EMPTY_BODY = YES;
				CLANG_WARN_ENUM_CONVERSION = YES;
				CLANG_WARN_INFINITE_RECURSION = YES;
				CLANG_WARN_INT_CONVERSION = YES;
				CLANG_WARN_NON_LITERAL_NULL_CONVERSION = YES;
				CLANG_WARN_OBJC_IMPLICIT_RETAIN_SELF = YES;
				CLANG_WARN_OBJC_LITERAL_CONVERSION = YES;
				CLANG_WARN_OBJC_ROOT_CLASS = YES_ERROR;
				CLANG_WARN_QUOTED_INCLUDE_IN_FRAMEWORK_HEADER = YES;
				CLANG_WARN_RANGE_LOOP_ANALYSIS = YES;
				CLANG_WARN_STRICT_PROTOTYPES = YES;
				CLANG_WARN_SUSPICIOUS_MOVE = YES;
				CLANG_WARN_UNGUARDED_AVAILABILITY = YES_AGGRESSIVE;
				CLANG_WARN_UNREACHABLE_CODE = YES;
				CLANG_WARN__DUPLICATE_METHOD_MATCH = YES;
				COPY_PHASE_STRIP = NO;
				DEBUG_INFORMATION_FORMAT = dwarf;
				ENABLE_STRICT_OBJC_MSGSEND = YES;
				ENABLE_TESTABILITY = YES;
				ENABLE_USER_SCRIPT_SANDBOXING = YES;
				GCC_C_LANGUAGE_STANDARD = gnu17;
				GCC_DYNAMIC_NO_PIC = NO;
				GCC_NO_COMMON_BLOCKS = YES;
				GCC_OPTIMIZATION_LEVEL = 0;
				GCC_PREPROCESSOR_DEFINITIONS = (
					"DEBUG=1",
					"$(inherited)",
				);
				GCC_WARN_64_TO_32_BIT_CONVERSION = YES;
				GCC_WARN_ABOUT_RETURN_TYPE = YES_ERROR;
				GCC_WARN_UNDECLARED_SELECTOR = YES;
				GCC_WARN_UNINITIALIZED_AUTOS = YES_AGGRESSIVE;
				GCC_WARN_UNUSED_FUNCTION = YES;
				GCC_WARN_UNUSED_VARIABLE = YES;
				IPHONEOS_DEPLOYMENT_TARGET = 17.0;
				LOCALIZATION_PREFERS_STRING_CATALOGS = YES;
				MTL_ENABLE_DEBUG_INFO = INCLUDE_SOURCE;
				MTL_FAST_MATH = YES;
				ONLY_ACTIVE_ARCH = YES;
				SDKROOT = iphoneos;
				SWIFT_ACTIVE_COMPILATION_CONDITIONS = "DEBUG $(inherited)";
				SWIFT_OPTIMIZATION_LEVEL = "-Onone";
			};
			name = Debug;
		};
		11E7F5512B0166B0005BB671 /* Release */ = {
			isa = XCBuildConfiguration;
			buildSettings = {
				ALWAYS_SEARCH_USER_PATHS = NO;
				ASSETCATALOG_COMPILER_GENERATE_SWIFT_ASSET_SYMBOL_EXTENSIONS = YES;
				CLANG_ANALYZER_NONNULL = YES;
				CLANG_ANALYZER_NUMBER_OBJECT_CONVERSION = YES_AGGRESSIVE;
				CLANG_CXX_LANGUAGE_STANDARD = "gnu++20";
				CLANG_ENABLE_MODULES = YES;
				CLANG_ENABLE_OBJC_ARC = YES;
				CLANG_ENABLE_OBJC_WEAK = YES;
				CLANG_WARN_BLOCK_CAPTURE_AUTORELEASING = YES;
				CLANG_WARN_BOOL_CONVERSION = YES;
				CLANG_WARN_COMMA = YES;
				CLANG_WARN_CONSTANT_CONVERSION = YES;
				CLANG_WARN_DEPRECATED_OBJC_IMPLEMENTATIONS = YES;
				CLANG_WARN_DIRECT_OBJC_ISA_USAGE = YES_ERROR;
				CLANG_WARN_DOCUMENTATION_COMMENTS = YES;
				CLANG_WARN_EMPTY_BODY = YES;
				CLANG_WARN_ENUM_CONVERSION = YES;
				CLANG_WARN_INFINITE_RECURSION = YES;
				CLANG_WARN_INT_CONVERSION = YES;
				CLANG_WARN_NON_LITERAL_NULL_CONVERSION = YES;
				CLANG_WARN_OBJC_IMPLICIT_RETAIN_SELF = YES;
				CLANG_WARN_OBJC_LITERAL_CONVERSION = YES;
				CLANG_WARN_OBJC_ROOT_CLASS = YES_ERROR;
				CLANG_WARN_QUOTED_INCLUDE_IN_FRAMEWORK_HEADER = YES;
				CLANG_WARN_RANGE_LOOP_ANALYSIS = YES;
				CLANG_WARN_STRICT_PROTOTYPES = YES;
				CLANG_WARN_SUSPICIOUS_MOVE = YES;
				CLANG_WARN_UNGUARDED_AVAILABILITY = YES_AGGRESSIVE;
				CLANG_WARN_UNREACHABLE_CODE = YES;
				CLANG_WARN__DUPLICATE_METHOD_MATCH = YES;
				COPY_PHASE_STRIP = NO;
				DEBUG_INFORMATION_FORMAT = "dwarf-with-dsym";
				ENABLE_NS_ASSERTIONS = NO;
				ENABLE_STRICT_OBJC_MSGSEND = YES;
				ENABLE_USER_SCRIPT_SANDBOXING = YES;
				GCC_C_LANGUAGE_STANDARD = gnu17;
				GCC_NO_COMMON_BLOCKS = YES;
				GCC_WARN_64_TO_32_BIT_CONVERSION = YES;
				GCC_WARN_ABOUT_RETURN_TYPE = YES_ERROR;
				GCC_WARN_UNDECLARED_SELECTOR = YES;
				GCC_WARN_UNINITIALIZED_AUTOS = YES_AGGRESSIVE;
				GCC_WARN_UNUSED_FUNCTION = YES;
				GCC_WARN_UNUSED_VARIABLE = YES;
				IPHONEOS_DEPLOYMENT_TARGET = 17.0;
				LOCALIZATION_PREFERS_STRING_CATALOGS = YES;
				MTL_ENABLE_DEBUG_INFO = NO;
				MTL_FAST_MATH = YES;
				SDKROOT = iphoneos;
				SWIFT_COMPILATION_MODE = wholemodule;
				VALIDATE_PRODUCT = YES;
			};
			name = Release;
		};
		11E7F5532B0166B0005BB671 /* Debug */ = {
			isa = XCBuildConfiguration;
			buildSettings = {
				ASSETCATALOG_COMPILER_APPICON_NAME = AppIcon;
				ASSETCATALOG_COMPILER_GLOBAL_ACCENT_COLOR_NAME = AccentColor;
				CODE_SIGN_STYLE = Automatic;
				CURRENT_PROJECT_VERSION = 1;
				DEVELOPMENT_TEAM = 3RGCWCYH85;
				GENERATE_INFOPLIST_FILE = YES;
				INFOPLIST_KEY_UIApplicationSupportsIndirectInputEvents = YES;
				INFOPLIST_KEY_UILaunchStoryboardName = LaunchScreen;
				INFOPLIST_KEY_UIMainStoryboardFile = Main;
				INFOPLIST_KEY_UIStatusBarHidden = YES;
				INFOPLIST_KEY_UISupportedInterfaceOrientations_iPad = "UIInterfaceOrientationPortrait UIInterfaceOrientationPortraitUpsideDown UIInterfaceOrientationLandscapeLeft UIInterfaceOrientationLandscapeRight";
				INFOPLIST_KEY_UISupportedInterfaceOrientations_iPhone = "UIInterfaceOrientationPortrait UIInterfaceOrientationLandscapeLeft UIInterfaceOrientationLandscapeRight";
				LD_RUNPATH_SEARCH_PATHS = (
					"$(inherited)",
					"@executable_path/Frameworks",
				);
				MARKETING_VERSION = 1.0;
				PRODUCT_BUNDLE_IDENTIFIER = az.ZF;
				PRODUCT_NAME = "$(TARGET_NAME)";
				SWIFT_EMIT_LOC_STRINGS = YES;
				SWIFT_VERSION = 5.0;
				TARGETED_DEVICE_FAMILY = "1,2";
			};
			name = Debug;
		};
		11E7F5542B0166B0005BB671 /* Release */ = {
			isa = XCBuildConfiguration;
			buildSettings = {
				ASSETCATALOG_COMPILER_APPICON_NAME = AppIcon;
				ASSETCATALOG_COMPILER_GLOBAL_ACCENT_COLOR_NAME = AccentColor;
				CODE_SIGN_STYLE = Automatic;
				CURRENT_PROJECT_VERSION = 1;
				DEVELOPMENT_TEAM = 3RGCWCYH85;
				GENERATE_INFOPLIST_FILE = YES;
				INFOPLIST_KEY_UIApplicationSupportsIndirectInputEvents = YES;
				INFOPLIST_KEY_UILaunchStoryboardName = LaunchScreen;
				INFOPLIST_KEY_UIMainStoryboardFile = Main;
				INFOPLIST_KEY_UIStatusBarHidden = YES;
				INFOPLIST_KEY_UISupportedInterfaceOrientations_iPad = "UIInterfaceOrientationPortrait UIInterfaceOrientationPortraitUpsideDown UIInterfaceOrientationLandscapeLeft UIInterfaceOrientationLandscapeRight";
				INFOPLIST_KEY_UISupportedInterfaceOrientations_iPhone = "UIInterfaceOrientationPortrait UIInterfaceOrientationLandscapeLeft UIInterfaceOrientationLandscapeRight";
				LD_RUNPATH_SEARCH_PATHS = (
					"$(inherited)",
					"@executable_path/Frameworks",
				);
				MARKETING_VERSION = 1.0;
				PRODUCT_BUNDLE_IDENTIFIER = az.ZF;
				PRODUCT_NAME = "$(TARGET_NAME)";
				SWIFT_EMIT_LOC_STRINGS = YES;
				SWIFT_VERSION = 5.0;
				TARGETED_DEVICE_FAMILY = "1,2";
			};
			name = Release;
		};
		11E7F5562B0166B0005BB671 /* Debug */ = {
			isa = XCBuildConfiguration;
			buildSettings = {
				ALWAYS_EMBED_SWIFT_STANDARD_LIBRARIES = YES;
				BUNDLE_LOADER = "$(TEST_HOST)";
				CODE_SIGN_STYLE = Automatic;
				CURRENT_PROJECT_VERSION = 1;
				DEVELOPMENT_TEAM = 3RGCWCYH85;
				GENERATE_INFOPLIST_FILE = YES;
				IPHONEOS_DEPLOYMENT_TARGET = 17.0;
				MARKETING_VERSION = 1.0;
				PRODUCT_BUNDLE_IDENTIFIER = az.ZFTests;
				PRODUCT_NAME = "$(TARGET_NAME)";
				SWIFT_EMIT_LOC_STRINGS = NO;
				SWIFT_VERSION = 5.0;
				TARGETED_DEVICE_FAMILY = "1,2";
				TEST_HOST = "$(BUILT_PRODUCTS_DIR)/ZF.app/$(BUNDLE_EXECUTABLE_FOLDER_PATH)/ZF";
			};
			name = Debug;
		};
		11E7F5572B0166B0005BB671 /* Release */ = {
			isa = XCBuildConfiguration;
			buildSettings = {
				ALWAYS_EMBED_SWIFT_STANDARD_LIBRARIES = YES;
				BUNDLE_LOADER = "$(TEST_HOST)";
				CODE_SIGN_STYLE = Automatic;
				CURRENT_PROJECT_VERSION = 1;
				DEVELOPMENT_TEAM = 3RGCWCYH85;
				GENERATE_INFOPLIST_FILE = YES;
				IPHONEOS_DEPLOYMENT_TARGET = 17.0;
				MARKETING_VERSION = 1.0;
				PRODUCT_BUNDLE_IDENTIFIER = az.ZFTests;
				PRODUCT_NAME = "$(TARGET_NAME)";
				SWIFT_EMIT_LOC_STRINGS = NO;
				SWIFT_VERSION = 5.0;
				TARGETED_DEVICE_FAMILY = "1,2";
				TEST_HOST = "$(BUILT_PRODUCTS_DIR)/ZF.app/$(BUNDLE_EXECUTABLE_FOLDER_PATH)/ZF";
			};
			name = Release;
		};
		11E7F5592B0166B0005BB671 /* Debug */ = {
			isa = XCBuildConfiguration;
			buildSettings = {
				ALWAYS_EMBED_SWIFT_STANDARD_LIBRARIES = YES;
				CODE_SIGN_STYLE = Automatic;
				CURRENT_PROJECT_VERSION = 1;
				DEVELOPMENT_TEAM = 3RGCWCYH85;
				GENERATE_INFOPLIST_FILE = YES;
				MARKETING_VERSION = 1.0;
				PRODUCT_BUNDLE_IDENTIFIER = az.ZFUITests;
				PRODUCT_NAME = "$(TARGET_NAME)";
				SWIFT_EMIT_LOC_STRINGS = NO;
				SWIFT_VERSION = 5.0;
				TARGETED_DEVICE_FAMILY = "1,2";
				TEST_TARGET_NAME = ZF;
			};
			name = Debug;
		};
		11E7F55A2B0166B0005BB671 /* Release */ = {
			isa = XCBuildConfiguration;
			buildSettings = {
				ALWAYS_EMBED_SWIFT_STANDARD_LIBRARIES = YES;
				CODE_SIGN_STYLE = Automatic;
				CURRENT_PROJECT_VERSION = 1;
				DEVELOPMENT_TEAM = 3RGCWCYH85;
				GENERATE_INFOPLIST_FILE = YES;
				MARKETING_VERSION = 1.0;
				PRODUCT_BUNDLE_IDENTIFIER = az.ZFUITests;
				PRODUCT_NAME = "$(TARGET_NAME)";
				SWIFT_EMIT_LOC_STRINGS = NO;
				SWIFT_VERSION = 5.0;
				TARGETED_DEVICE_FAMILY = "1,2";
				TEST_TARGET_NAME = ZF;
			};
			name = Release;
		};
/* End XCBuildConfiguration section */

/* Begin XCConfigurationList section */
		11E7F5202B0166AE005BB671 /* Build configuration list for PBXProject "ZF" */ = {
			isa = XCConfigurationList;
			buildConfigurations = (
				11E7F5502B0166B0005BB671 /* Debug */,
				11E7F5512B0166B0005BB671 /* Release */,
			);
			defaultConfigurationIsVisible = 0;
			defaultConfigurationName = Release;
		};
		11E7F5522B0166B0005BB671 /* Build configuration list for PBXNativeTarget "ZF" */ = {
			isa = XCConfigurationList;
			buildConfigurations = (
				11E7F5532B0166B0005BB671 /* Debug */,
				11E7F5542B0166B0005BB671 /* Release */,
			);
			defaultConfigurationIsVisible = 0;
			defaultConfigurationName = Release;
		};
		11E7F5552B0166B0005BB671 /* Build configuration list for PBXNativeTarget "ZFTests" */ = {
			isa = XCConfigurationList;
			buildConfigurations = (
				11E7F5562B0166B0005BB671 /* Debug */,
				11E7F5572B0166B0005BB671 /* Release */,
			);
			defaultConfigurationIsVisible = 0;
			defaultConfigurationName = Release;
		};
		11E7F5582B0166B0005BB671 /* Build configuration list for PBXNativeTarget "ZFUITests" */ = {
			isa = XCConfigurationList;
			buildConfigurations = (
				11E7F5592B0166B0005BB671 /* Debug */,
				11E7F55A2B0166B0005BB671 /* Release */,
			);
			defaultConfigurationIsVisible = 0;
			defaultConfigurationName = Release;
		};
/* End XCConfigurationList section */
	};
	rootObject = 11E7F51D2B0166AE005BB671 /* Project object */;
}
